// !$*UTF8*$!
{
	archiveVersion = 1;
	classes = {
	};
	objectVersion = 46;
	objects = {

/* Begin PBXBuildFile section */
		DFCF36971BB0F33800D136BC /* main.m in Sources */ = {isa = PBXBuildFile; fileRef = DFCF36961BB0F33800D136BC /* main.m */; };
		DFCF369A1BB0F33800D136BC /* AppDelegate.m in Sources */ = {isa = PBXBuildFile; fileRef = DFCF36991BB0F33800D136BC /* AppDelegate.m */; };
		DFCF369D1BB0F33800D136BC /* ViewController.m in Sources */ = {isa = PBXBuildFile; fileRef = DFCF369C1BB0F33800D136BC /* ViewController.m */; };
		DFCF36A01BB0F33800D136BC /* Main.storyboard in Resources */ = {isa = PBXBuildFile; fileRef = DFCF369E1BB0F33800D136BC /* Main.storyboard */; };
		DFCF36A21BB0F33800D136BC /* Images.xcassets in Resources */ = {isa = PBXBuildFile; fileRef = DFCF36A11BB0F33800D136BC /* Images.xcassets */; };
		DFCF36A51BB0F33800D136BC /* LaunchScreen.xib in Resources */ = {isa = PBXBuildFile; fileRef = DFCF36A31BB0F33800D136BC /* LaunchScreen.xib */; };
		DFCF36B11BB0F33800D136BC /* TianTianShangMenTests.m in Sources */ = {isa = PBXBuildFile; fileRef = DFCF36B01BB0F33800D136BC /* TianTianShangMenTests.m */; };
/* End PBXBuildFile section */

/* Begin PBXContainerItemProxy section */
		DFCF36AB1BB0F33800D136BC /* PBXContainerItemProxy */ = {
			isa = PBXContainerItemProxy;
			containerPortal = DFCF36891BB0F33800D136BC /* Project object */;
			proxyType = 1;
			remoteGlobalIDString = DFCF36901BB0F33800D136BC;
			remoteInfo = TianTianShangMen;
		};
/* End PBXContainerItemProxy section */

/* Begin PBXFileReference section */
		DFCF36911BB0F33800D136BC /* TianTianShangMen.app */ = {isa = PBXFileReference; explicitFileType = wrapper.application; includeInIndex = 0; path = TianTianShangMen.app; sourceTree = BUILT_PRODUCTS_DIR; };
		DFCF36951BB0F33800D136BC /* Info.plist */ = {isa = PBXFileReference; lastKnownFileType = text.plist.xml; path = Info.plist; sourceTree = "<group>"; };
		DFCF36961BB0F33800D136BC /* main.m */ = {isa = PBXFileReference; lastKnownFileType = sourcecode.c.objc; path = main.m; sourceTree = "<group>"; };
		DFCF36981BB0F33800D136BC /* AppDelegate.h */ = {isa = PBXFileReference; lastKnownFileType = sourcecode.c.h; path = AppDelegate.h; sourceTree = "<group>"; };
		DFCF36991BB0F33800D136BC /* AppDelegate.m */ = {isa = PBXFileReference; lastKnownFileType = sourcecode.c.objc; path = AppDelegate.m; sourceTree = "<group>"; };
		DFCF369B1BB0F33800D136BC /* ViewController.h */ = {isa = PBXFileReference; lastKnownFileType = sourcecode.c.h; path = ViewController.h; sourceTree = "<group>"; };
		DFCF369C1BB0F33800D136BC /* ViewController.m */ = {isa = PBXFileReference; lastKnownFileType = sourcecode.c.objc; path = ViewController.m; sourceTree = "<group>"; };
		DFCF369F1BB0F33800D136BC /* Base */ = {isa = PBXFileReference; lastKnownFileType = file.storyboard; name = Base; path = Base.lproj/Main.storyboard; sourceTree = "<group>"; };
		DFCF36A11BB0F33800D136BC /* Images.xcassets */ = {isa = PBXFileReference; lastKnownFileType = folder.assetcatalog; path = Images.xcassets; sourceTree = "<group>"; };
		DFCF36A41BB0F33800D136BC /* Base */ = {isa = PBXFileReference; lastKnownFileType = file.xib; name = Base; path = Base.lproj/LaunchScreen.xib; sourceTree = "<group>"; };
		DFCF36AA1BB0F33800D136BC /* TianTianShangMenTests.xctest */ = {isa = PBXFileReference; explicitFileType = wrapper.cfbundle; includeInIndex = 0; path = TianTianShangMenTests.xctest; sourceTree = BUILT_PRODUCTS_DIR; };
		DFCF36AF1BB0F33800D136BC /* Info.plist */ = {isa = PBXFileReference; lastKnownFileType = text.plist.xml; path = Info.plist; sourceTree = "<group>"; };
		DFCF36B01BB0F33800D136BC /* TianTianShangMenTests.m */ = {isa = PBXFileReference; lastKnownFileType = sourcecode.c.objc; path = TianTianShangMenTests.m; sourceTree = "<group>"; };
/* End PBXFileReference section */

/* Begin PBXFrameworksBuildPhase section */
		DFCF368E1BB0F33800D136BC /* Frameworks */ = {
			isa = PBXFrameworksBuildPhase;
			buildActionMask = 2147483647;
			files = (
			);
			runOnlyForDeploymentPostprocessing = 0;
		};
		DFCF36A71BB0F33800D136BC /* Frameworks */ = {
			isa = PBXFrameworksBuildPhase;
			buildActionMask = 2147483647;
			files = (
			);
			runOnlyForDeploymentPostprocessing = 0;
		};
/* End PBXFrameworksBuildPhase section */

/* Begin PBXGroup section */
		DFCF36881BB0F33800D136BC = {
			isa = PBXGroup;
			children = (
				DFCF36931BB0F33800D136BC /* TianTianShangMen */,
				DFCF36AD1BB0F33800D136BC /* TianTianShangMenTests */,
				DFCF36921BB0F33800D136BC /* Products */,
			);
			sourceTree = "<group>";
		};
		DFCF36921BB0F33800D136BC /* Products */ = {
			isa = PBXGroup;
			children = (
				DFCF36911BB0F33800D136BC /* TianTianShangMen.app */,
				DFCF36AA1BB0F33800D136BC /* TianTianShangMenTests.xctest */,
			);
			name = Products;
			sourceTree = "<group>";
		};
		DFCF36931BB0F33800D136BC /* TianTianShangMen */ = {
			isa = PBXGroup;
			children = (
				DFCF36981BB0F33800D136BC /* AppDelegate.h */,
				DFCF36991BB0F33800D136BC /* AppDelegate.m */,
				DFCF369B1BB0F33800D136BC /* ViewController.h */,
				DFCF369C1BB0F33800D136BC /* ViewController.m */,
				DFCF369E1BB0F33800D136BC /* Main.storyboard */,
				DFCF36A11BB0F33800D136BC /* Images.xcassets */,
				DFCF36A31BB0F33800D136BC /* LaunchScreen.xib */,
				DFCF36941BB0F33800D136BC /* Supporting Files */,
			);
			path = TianTianShangMen;
			sourceTree = "<group>";
		};
		DFCF36941BB0F33800D136BC /* Supporting Files */ = {
			isa = PBXGroup;
			children = (
				DFCF36951BB0F33800D136BC /* Info.plist */,
				DFCF36961BB0F33800D136BC /* main.m */,
			);
			name = "Supporting Files";
			sourceTree = "<group>";
		};
		DFCF36AD1BB0F33800D136BC /* TianTianShangMenTests */ = {
			isa = PBXGroup;
			children = (
				DFCF36B01BB0F33800D136BC /* TianTianShangMenTests.m */,
				DFCF36AE1BB0F33800D136BC /* Supporting Files */,
			);
			path = TianTianShangMenTests;
			sourceTree = "<group>";
		};
		DFCF36AE1BB0F33800D136BC /* Supporting Files */ = {
			isa = PBXGroup;
			children = (
				DFCF36AF1BB0F33800D136BC /* Info.plist */,
			);
			name = "Supporting Files";
			sourceTree = "<group>";
		};
/* End PBXGroup section */

/* Begin PBXNativeTarget section */
		DFCF36901BB0F33800D136BC /* TianTianShangMen */ = {
			isa = PBXNativeTarget;
			buildConfigurationList = DFCF36B41BB0F33800D136BC /* Build configuration list for PBXNativeTarget "TianTianShangMen" */;
			buildPhases = (
				DFCF368D1BB0F33800D136BC /* Sources */,
				DFCF368E1BB0F33800D136BC /* Frameworks */,
				DFCF368F1BB0F33800D136BC /* Resources */,
			);
			buildRules = (
			);
			dependencies = (
			);
			name = TianTianShangMen;
			productName = TianTianShangMen;
			productReference = DFCF36911BB0F33800D136BC /* TianTianShangMen.app */;
			productType = "com.apple.product-type.application";
		};
		DFCF36A91BB0F33800D136BC /* TianTianShangMenTests */ = {
			isa = PBXNativeTarget;
			buildConfigurationList = DFCF36B71BB0F33800D136BC /* Build configuration list for PBXNativeTarget "TianTianShangMenTests" */;
			buildPhases = (
				DFCF36A61BB0F33800D136BC /* Sources */,
				DFCF36A71BB0F33800D136BC /* Frameworks */,
				DFCF36A81BB0F33800D136BC /* Resources */,
			);
			buildRules = (
			);
			dependencies = (
				DFCF36AC1BB0F33800D136BC /* PBXTargetDependency */,
			);
			name = TianTianShangMenTests;
			productName = TianTianShangMenTests;
			productReference = DFCF36AA1BB0F33800D136BC /* TianTianShangMenTests.xctest */;
			productType = "com.apple.product-type.bundle.unit-test";
		};
/* End PBXNativeTarget section */

/* Begin PBXProject section */
		DFCF36891BB0F33800D136BC /* Project object */ = {
			isa = PBXProject;
			attributes = {
				LastUpgradeCheck = 0640;
				ORGANIZATIONNAME = JYF;
				TargetAttributes = {
					DFCF36901BB0F33800D136BC = {
						CreatedOnToolsVersion = 6.4;
					};
					DFCF36A91BB0F33800D136BC = {
						CreatedOnToolsVersion = 6.4;
						TestTargetID = DFCF36901BB0F33800D136BC;
					};
				};
			};
			buildConfigurationList = DFCF368C1BB0F33800D136BC /* Build configuration list for PBXProject "TianTianShangMen" */;
			compatibilityVersion = "Xcode 3.2";
			developmentRegion = English;
			hasScannedForEncodings = 0;
			knownRegions = (
				en,
				Base,
			);
			mainGroup = DFCF36881BB0F33800D136BC;
			productRefGroup = DFCF36921BB0F33800D136BC /* Products */;
			projectDirPath = "";
			projectRoot = "";
			targets = (
				DFCF36901BB0F33800D136BC /* TianTianShangMen */,
				DFCF36A91BB0F33800D136BC /* TianTianShangMenTests */,
			);
		};
/* End PBXProject section */

/* Begin PBXResourcesBuildPhase section */
		DFCF368F1BB0F33800D136BC /* Resources */ = {
			isa = PBXResourcesBuildPhase;
			buildActionMask = 2147483647;
			files = (
				DFCF36A01BB0F33800D136BC /* Main.storyboard in Resources */,
				DFCF36A51BB0F33800D136BC /* LaunchScreen.xib in Resources */,
				DFCF36A21BB0F33800D136BC /* Images.xcassets in Resources */,
			);
			runOnlyForDeploymentPostprocessing = 0;
		};
		DFCF36A81BB0F33800D136BC /* Resources */ = {
			isa = PBXResourcesBuildPhase;
			buildActionMask = 2147483647;
			files = (
			);
			runOnlyForDeploymentPostprocessing = 0;
		};
/* End PBXResourcesBuildPhase section */

/* Begin PBXSourcesBuildPhase section */
		DFCF368D1BB0F33800D136BC /* Sources */ = {
			isa = PBXSourcesBuildPhase;
			buildActionMask = 2147483647;
			files = (
				DFCF369D1BB0F33800D136BC /* ViewController.m in Sources */,
				DFCF369A1BB0F33800D136BC /* AppDelegate.m in Sources */,
				DFCF36971BB0F33800D136BC /* main.m in Sources */,
			);
			runOnlyForDeploymentPostprocessing = 0;
		};
		DFCF36A61BB0F33800D136BC /* Sources */ = {
			isa = PBXSourcesBuildPhase;
			buildActionMask = 2147483647;
			files = (
				DFCF36B11BB0F33800D136BC /* TianTianShangMenTests.m in Sources */,
			);
			runOnlyForDeploymentPostprocessing = 0;
		};
/* End PBXSourcesBuildPhase section */

/* Begin PBXTargetDependency section */
		DFCF36AC1BB0F33800D136BC /* PBXTargetDependency */ = {
			isa = PBXTargetDependency;
			target = DFCF36901BB0F33800D136BC /* TianTianShangMen */;
			targetProxy = DFCF36AB1BB0F33800D136BC /* PBXContainerItemProxy */;
		};
/* End PBXTargetDependency section */

/* Begin PBXVariantGroup section */
		DFCF369E1BB0F33800D136BC /* Main.storyboard */ = {
			isa = PBXVariantGroup;
			children = (
				DFCF369F1BB0F33800D136BC /* Base */,
			);
			name = Main.storyboard;
			sourceTree = "<group>";
		};
		DFCF36A31BB0F33800D136BC /* LaunchScreen.xib */ = {
			isa = PBXVariantGroup;
			children = (
				DFCF36A41BB0F33800D136BC /* Base */,
			);
			name = LaunchScreen.xib;
			sourceTree = "<group>";
		};
/* End PBXVariantGroup section */

/* Begin XCBuildConfiguration section */
		DFCF36B21BB0F33800D136BC /* Debug */ = {
			isa = XCBuildConfiguration;
			buildSettings = {
				ALWAYS_SEARCH_USER_PATHS = NO;
				CLANG_CXX_LANGUAGE_STANDARD = "gnu++0x";
				CLANG_CXX_LIBRARY = "libc++";
				CLANG_ENABLE_MODULES = YES;
				CLANG_ENABLE_OBJC_ARC = YES;
				CLANG_WARN_BOOL_CONVERSION = YES;
				CLANG_WARN_CONSTANT_CONVERSION = YES;
				CLANG_WARN_DIRECT_OBJC_ISA_USAGE = YES_ERROR;
				CLANG_WARN_EMPTY_BODY = YES;
				CLANG_WARN_ENUM_CONVERSION = YES;
				CLANG_WARN_INT_CONVERSION = YES;
				CLANG_WARN_OBJC_ROOT_CLASS = YES_ERROR;
				CLANG_WARN_UNREACHABLE_CODE = YES;
				CLANG_WARN__DUPLICATE_METHOD_MATCH = YES;
				"CODE_SIGN_IDENTITY[sdk=iphoneos*]" = "iPhone Developer";
				COPY_PHASE_STRIP = NO;
				DEBUG_INFORMATION_FORMAT = "dwarf-with-dsym";
				ENABLE_STRICT_OBJC_MSGSEND = YES;
				GCC_C_LANGUAGE_STANDARD = gnu99;
				GCC_DYNAMIC_NO_PIC = NO;
				GCC_NO_COMMON_BLOCKS = YES;
				GCC_OPTIMIZATION_LEVEL = 0;
				GCC_PREPROCESSOR_DEFINITIONS = (
					"DEBUG=1",
					"$(inherited)",
				);
				GCC_SYMBOLS_PRIVATE_EXTERN = NO;
				GCC_WARN_64_TO_32_BIT_CONVERSION = YES;
				GCC_WARN_ABOUT_RETURN_TYPE = YES_ERROR;
				GCC_WARN_UNDECLARED_SELECTOR = YES;
				GCC_WARN_UNINITIALIZED_AUTOS = YES_AGGRESSIVE;
				GCC_WARN_UNUSED_FUNCTION = YES;
				GCC_WARN_UNUSED_VARIABLE = YES;
				IPHONEOS_DEPLOYMENT_TARGET = 8.4;
				MTL_ENABLE_DEBUG_INFO = YES;
				ONLY_ACTIVE_ARCH = YES;
				SDKROOT = iphoneos;
			};
			name = Debug;
		};
		DFCF36B31BB0F33800D136BC /* Release */ = {
			isa = XCBuildConfiguration;
			buildSettings = {
				ALWAYS_SEARCH_USER_PATHS = NO;
				CLANG_CXX_LANGUAGE_STANDARD = "gnu++0x";
				CLANG_CXX_LIBRARY = "libc++";
				CLANG_ENABLE_MODULES = YES;
				CLANG_ENABLE_OBJC_ARC = YES;
				CLANG_WARN_BOOL_CONVERSION = YES;
				CLANG_WARN_CONSTANT_CONVERSION = YES;
				CLANG_WARN_DIRECT_OBJC_ISA_USAGE = YES_ERROR;
				CLANG_WARN_EMPTY_BODY = YES;
				CLANG_WARN_ENUM_CONVERSION = YES;
				CLANG_WARN_INT_CONVERSION = YES;
				CLANG_WARN_OBJC_ROOT_CLASS = YES_ERROR;
				CLANG_WARN_UNREACHABLE_CODE = YES;
				CLANG_WARN__DUPLICATE_METHOD_MATCH = YES;
				"CODE_SIGN_IDENTITY[sdk=iphoneos*]" = "iPhone Developer";
				COPY_PHASE_STRIP = NO;
				DEBUG_INFORMATION_FORMAT = "dwarf-with-dsym";
				ENABLE_NS_ASSERTIONS = NO;
				ENABLE_STRICT_OBJC_MSGSEND = YES;
				GCC_C_LANGUAGE_STANDARD = gnu99;
				GCC_NO_COMMON_BLOCKS = YES;
				GCC_WARN_64_TO_32_BIT_CONVERSION = YES;
				GCC_WARN_ABOUT_RETURN_TYPE = YES_ERROR;
				GCC_WARN_UNDECLARED_SELECTOR = YES;
				GCC_WARN_UNINITIALIZED_AUTOS = YES_AGGRESSIVE;
				GCC_WARN_UNUSED_FUNCTION = YES;
				GCC_WARN_UNUSED_VARIABLE = YES;
				IPHONEOS_DEPLOYMENT_TARGET = 8.4;
				MTL_ENABLE_DEBUG_INFO = NO;
				SDKROOT = iphoneos;
				VALIDATE_PRODUCT = YES;
			};
			name = Release;
		};
		DFCF36B51BB0F33800D136BC /* Debug */ = {
			isa = XCBuildConfiguration;
			buildSettings = {
				ASSETCATALOG_COMPILER_APPICON_NAME = AppIcon;
				INFOPLIST_FILE = TianTianShangMen/Info.plist;
				LD_RUNPATH_SEARCH_PATHS = "$(inherited) @executable_path/Frameworks";
				PRODUCT_NAME = "$(TARGET_NAME)";
			};
			name = Debug;
		};
		DFCF36B61BB0F33800D136BC /* Release */ = {
			isa = XCBuildConfiguration;
			buildSettings = {
				ASSETCATALOG_COMPILER_APPICON_NAME = AppIcon;
				INFOPLIST_FILE = TianTianShangMen/Info.plist;
				LD_RUNPATH_SEARCH_PATHS = "$(inherited) @executable_path/Frameworks";
				PRODUCT_NAME = "$(TARGET_NAME)";
			};
			name = Release;
		};
		DFCF36B81BB0F33800D136BC /* Debug */ = {
			isa = XCBuildConfiguration;
			buildSettings = {
				BUNDLE_LOADER = "$(TEST_HOST)";
				FRAMEWORK_SEARCH_PATHS = (
					"$(SDKROOT)/Developer/Library/Frameworks",
					"$(inherited)",
				);
				GCC_PREPROCESSOR_DEFINITIONS = (
					"DEBUG=1",
					"$(inherited)",
				);
				INFOPLIST_FILE = TianTianShangMenTests/Info.plist;
				LD_RUNPATH_SEARCH_PATHS = "$(inherited) @executable_path/Frameworks @loader_path/Frameworks";
				PRODUCT_NAME = "$(TARGET_NAME)";
				TEST_HOST = "$(BUILT_PRODUCTS_DIR)/TianTianShangMen.app/TianTianShangMen";
			};
			name = Debug;
		};
		DFCF36B91BB0F33800D136BC /* Release */ = {
			isa = XCBuildConfiguration;
			buildSettings = {
				BUNDLE_LOADER = "$(TEST_HOST)";
				FRAMEWORK_SEARCH_PATHS = (
					"$(SDKROOT)/Developer/Library/Frameworks",
					"$(inherited)",
				);
				INFOPLIST_FILE = TianTianShangMenTests/Info.plist;
				LD_RUNPATH_SEARCH_PATHS = "$(inherited) @executable_path/Frameworks @loader_path/Frameworks";
				PRODUCT_NAME = "$(TARGET_NAME)";
				TEST_HOST = "$(BUILT_PRODUCTS_DIR)/TianTianShangMen.app/TianTianShangMen";
			};
			name = Release;
		};
/* End XCBuildConfiguration section */

/* Begin XCConfigurationList section */
		DFCF368C1BB0F33800D136BC /* Build configuration list for PBXProject "TianTianShangMen" */ = {
			isa = XCConfigurationList;
			buildConfigurations = (
				DFCF36B21BB0F33800D136BC /* Debug */,
				DFCF36B31BB0F33800D136BC /* Release */,
			);
			defaultConfigurationIsVisible = 0;
			defaultConfigurationName = Release;
		};
		DFCF36B41BB0F33800D136BC /* Build configuration list for PBXNativeTarget "TianTianShangMen" */ = {
			isa = XCConfigurationList;
			buildConfigurations = (
				DFCF36B51BB0F33800D136BC /* Debug */,
				DFCF36B61BB0F33800D136BC /* Release */,
			);
			defaultConfigurationIsVisible = 0;
		};
		DFCF36B71BB0F33800D136BC /* Build configuration list for PBXNativeTarget "TianTianShangMenTests" */ = {
			isa = XCConfigurationList;
			buildConfigurations = (
				DFCF36B81BB0F33800D136BC /* Debug */,
				DFCF36B91BB0F33800D136BC /* Release */,
			);
			defaultConfigurationIsVisible = 0;
		};
/* End XCConfigurationList section */
	};
	rootObject = DFCF36891BB0F33800D136BC /* Project object */;
}
